// !$*UTF8*$!
{
	archiveVersion = 1;
	classes = {
	};
	objectVersion = 46;
	objects = {

/* Begin PBXBuildFile section */
		5F84B67E1A0C6FB000A26E7A /* AppDelegate.swift in Sources */ = {isa = PBXBuildFile; fileRef = 5F84B67D1A0C6FB000A26E7A /* AppDelegate.swift */; };
		5F84B6801A0C6FB000A26E7A /* ViewController.swift in Sources */ = {isa = PBXBuildFile; fileRef = 5F84B67F1A0C6FB000A26E7A /* ViewController.swift */; };
		5F84B6831A0C6FB000A26E7A /* Main.storyboard in Resources */ = {isa = PBXBuildFile; fileRef = 5F84B6811A0C6FB000A26E7A /* Main.storyboard */; };
		5F84B6851A0C6FB000A26E7A /* Images.xcassets in Resources */ = {isa = PBXBuildFile; fileRef = 5F84B6841A0C6FB000A26E7A /* Images.xcassets */; };
		5F84B6881A0C6FB000A26E7A /* LaunchScreen.xib in Resources */ = {isa = PBXBuildFile; fileRef = 5F84B6861A0C6FB000A26E7A /* LaunchScreen.xib */; };
		5F84B6941A0C6FB000A26E7A /* ScavangerHuntTests.swift in Sources */ = {isa = PBXBuildFile; fileRef = 5F84B6931A0C6FB000A26E7A /* ScavangerHuntTests.swift */; };
/* End PBXBuildFile section */

/* Begin PBXContainerItemProxy section */
		5F84B68E1A0C6FB000A26E7A /* PBXContainerItemProxy */ = {
			isa = PBXContainerItemProxy;
			containerPortal = 5F84B6701A0C6FB000A26E7A /* Project object */;
			proxyType = 1;
			remoteGlobalIDString = 5F84B6771A0C6FB000A26E7A;
			remoteInfo = ScavangerHunt;
		};
/* End PBXContainerItemProxy section */

/* Begin PBXFileReference section */
		5F84B6781A0C6FB000A26E7A /* ScavangerHunt.app */ = {isa = PBXFileReference; explicitFileType = wrapper.application; includeInIndex = 0; path = ScavangerHunt.app; sourceTree = BUILT_PRODUCTS_DIR; };
		5F84B67C1A0C6FB000A26E7A /* Info.plist */ = {isa = PBXFileReference; lastKnownFileType = text.plist.xml; path = Info.plist; sourceTree = "<group>"; };
		5F84B67D1A0C6FB000A26E7A /* AppDelegate.swift */ = {isa = PBXFileReference; lastKnownFileType = sourcecode.swift; path = AppDelegate.swift; sourceTree = "<group>"; };
		5F84B67F1A0C6FB000A26E7A /* ViewController.swift */ = {isa = PBXFileReference; lastKnownFileType = sourcecode.swift; path = ViewController.swift; sourceTree = "<group>"; };
		5F84B6821A0C6FB000A26E7A /* Base */ = {isa = PBXFileReference; lastKnownFileType = file.storyboard; name = Base; path = Base.lproj/Main.storyboard; sourceTree = "<group>"; };
		5F84B6841A0C6FB000A26E7A /* Images.xcassets */ = {isa = PBXFileReference; lastKnownFileType = folder.assetcatalog; path = Images.xcassets; sourceTree = "<group>"; };
		5F84B6871A0C6FB000A26E7A /* Base */ = {isa = PBXFileReference; lastKnownFileType = file.xib; name = Base; path = Base.lproj/LaunchScreen.xib; sourceTree = "<group>"; };
		5F84B68D1A0C6FB000A26E7A /* ScavangerHuntTests.xctest */ = {isa = PBXFileReference; explicitFileType = wrapper.cfbundle; includeInIndex = 0; path = ScavangerHuntTests.xctest; sourceTree = BUILT_PRODUCTS_DIR; };
		5F84B6921A0C6FB000A26E7A /* Info.plist */ = {isa = PBXFileReference; lastKnownFileType = text.plist.xml; path = Info.plist; sourceTree = "<group>"; };
		5F84B6931A0C6FB000A26E7A /* ScavangerHuntTests.swift */ = {isa = PBXFileReference; lastKnownFileType = sourcecode.swift; path = ScavangerHuntTests.swift; sourceTree = "<group>"; };
/* End PBXFileReference section */

/* Begin PBXFrameworksBuildPhase section */
		5F84B6751A0C6FB000A26E7A /* Frameworks */ = {
			isa = PBXFrameworksBuildPhase;
			buildActionMask = 2147483647;
			files = (
			);
			runOnlyForDeploymentPostprocessing = 0;
		};
		5F84B68A1A0C6FB000A26E7A /* Frameworks */ = {
			isa = PBXFrameworksBuildPhase;
			buildActionMask = 2147483647;
			files = (
			);
			runOnlyForDeploymentPostprocessing = 0;
		};
/* End PBXFrameworksBuildPhase section */

/* Begin PBXGroup section */
		5F84B66F1A0C6FB000A26E7A = {
			isa = PBXGroup;
			children = (
				5F84B67A1A0C6FB000A26E7A /* ScavangerHunt */,
				5F84B6901A0C6FB000A26E7A /* ScavangerHuntTests */,
				5F84B6791A0C6FB000A26E7A /* Products */,
			);
			sourceTree = "<group>";
		};
		5F84B6791A0C6FB000A26E7A /* Products */ = {
			isa = PBXGroup;
			children = (
				5F84B6781A0C6FB000A26E7A /* ScavangerHunt.app */,
				5F84B68D1A0C6FB000A26E7A /* ScavangerHuntTests.xctest */,
			);
			name = Products;
			sourceTree = "<group>";
		};
		5F84B67A1A0C6FB000A26E7A /* ScavangerHunt */ = {
			isa = PBXGroup;
			children = (
				5F84B67D1A0C6FB000A26E7A /* AppDelegate.swift */,
				5F84B67F1A0C6FB000A26E7A /* ViewController.swift */,
				5F84B6811A0C6FB000A26E7A /* Main.storyboard */,
				5F84B6841A0C6FB000A26E7A /* Images.xcassets */,
				5F84B6861A0C6FB000A26E7A /* LaunchScreen.xib */,
				5F84B67B1A0C6FB000A26E7A /* Supporting Files */,
			);
			path = ScavangerHunt;
			sourceTree = "<group>";
		};
		5F84B67B1A0C6FB000A26E7A /* Supporting Files */ = {
			isa = PBXGroup;
			children = (
				5F84B67C1A0C6FB000A26E7A /* Info.plist */,
			);
			name = "Supporting Files";
			sourceTree = "<group>";
		};
		5F84B6901A0C6FB000A26E7A /* ScavangerHuntTests */ = {
			isa = PBXGroup;
			children = (
				5F84B6931A0C6FB000A26E7A /* ScavangerHuntTests.swift */,
				5F84B6911A0C6FB000A26E7A /* Supporting Files */,
			);
			path = ScavangerHuntTests;
			sourceTree = "<group>";
		};
		5F84B6911A0C6FB000A26E7A /* Supporting Files */ = {
			isa = PBXGroup;
			children = (
				5F84B6921A0C6FB000A26E7A /* Info.plist */,
			);
			name = "Supporting Files";
			sourceTree = "<group>";
		};
/* End PBXGroup section */

/* Begin PBXNativeTarget section */
		5F84B6771A0C6FB000A26E7A /* ScavangerHunt */ = {
			isa = PBXNativeTarget;
			buildConfigurationList = 5F84B6971A0C6FB000A26E7A /* Build configuration list for PBXNativeTarget "ScavangerHunt" */;
			buildPhases = (
				5F84B6741A0C6FB000A26E7A /* Sources */,
				5F84B6751A0C6FB000A26E7A /* Frameworks */,
				5F84B6761A0C6FB000A26E7A /* Resources */,
			);
			buildRules = (
			);
			dependencies = (
			);
			name = ScavangerHunt;
			productName = ScavangerHunt;
			productReference = 5F84B6781A0C6FB000A26E7A /* ScavangerHunt.app */;
			productType = "com.apple.product-type.application";
		};
		5F84B68C1A0C6FB000A26E7A /* ScavangerHuntTests */ = {
			isa = PBXNativeTarget;
			buildConfigurationList = 5F84B69A1A0C6FB000A26E7A /* Build configuration list for PBXNativeTarget "ScavangerHuntTests" */;
			buildPhases = (
				5F84B6891A0C6FB000A26E7A /* Sources */,
				5F84B68A1A0C6FB000A26E7A /* Frameworks */,
				5F84B68B1A0C6FB000A26E7A /* Resources */,
			);
			buildRules = (
			);
			dependencies = (
				5F84B68F1A0C6FB000A26E7A /* PBXTargetDependency */,
			);
			name = ScavangerHuntTests;
			productName = ScavangerHuntTests;
			productReference = 5F84B68D1A0C6FB000A26E7A /* ScavangerHuntTests.xctest */;
			productType = "com.apple.product-type.bundle.unit-test";
		};
/* End PBXNativeTarget section */

/* Begin PBXProject section */
		5F84B6701A0C6FB000A26E7A /* Project object */ = {
			isa = PBXProject;
			attributes = {
				LastUpgradeCheck = 0610;
				ORGANIZATIONNAME = "Sagar Punhani";
				TargetAttributes = {
					5F84B6771A0C6FB000A26E7A = {
						CreatedOnToolsVersion = 6.1;
					};
					5F84B68C1A0C6FB000A26E7A = {
						CreatedOnToolsVersion = 6.1;
						TestTargetID = 5F84B6771A0C6FB000A26E7A;
					};
				};
			};
			buildConfigurationList = 5F84B6731A0C6FB000A26E7A /* Build configuration list for PBXProject "ScavangerHunt" */;
			compatibilityVersion = "Xcode 3.2";
			developmentRegion = English;
			hasScannedForEncodings = 0;
			knownRegions = (
				en,
				Base,
			);
			mainGroup = 5F84B66F1A0C6FB000A26E7A;
			productRefGroup = 5F84B6791A0C6FB000A26E7A /* Products */;
			projectDirPath = "";
			projectRoot = "";
			targets = (
				5F84B6771A0C6FB000A26E7A /* ScavangerHunt */,
				5F84B68C1A0C6FB000A26E7A /* ScavangerHuntTests */,
			);
		};
/* End PBXProject section */

/* Begin PBXResourcesBuildPhase section */
		5F84B6761A0C6FB000A26E7A /* Resources */ = {
			isa = PBXResourcesBuildPhase;
			buildActionMask = 2147483647;
			files = (
				5F84B6831A0C6FB000A26E7A /* Main.storyboard in Resources */,
				5F84B6881A0C6FB000A26E7A /* LaunchScreen.xib in Resources */,
				5F84B6851A0C6FB000A26E7A /* Images.xcassets in Resources */,
			);
			runOnlyForDeploymentPostprocessing = 0;
		};
		5F84B68B1A0C6FB000A26E7A /* Resources */ = {
			isa = PBXResourcesBuildPhase;
			buildActionMask = 2147483647;
			files = (
			);
			runOnlyForDeploymentPostprocessing = 0;
		};
/* End PBXResourcesBuildPhase section */

/* Begin PBXSourcesBuildPhase section */
		5F84B6741A0C6FB000A26E7A /* Sources */ = {
			isa = PBXSourcesBuildPhase;
			buildActionMask = 2147483647;
			files = (
				5F84B6801A0C6FB000A26E7A /* ViewController.swift in Sources */,
				5F84B67E1A0C6FB000A26E7A /* AppDelegate.swift in Sources */,
			);
			runOnlyForDeploymentPostprocessing = 0;
		};
		5F84B6891A0C6FB000A26E7A /* Sources */ = {
			isa = PBXSourcesBuildPhase;
			buildActionMask = 2147483647;
			files = (
				5F84B6941A0C6FB000A26E7A /* ScavangerHuntTests.swift in Sources */,
			);
			runOnlyForDeploymentPostprocessing = 0;
		};
/* End PBXSourcesBuildPhase section */

/* Begin PBXTargetDependency section */
		5F84B68F1A0C6FB000A26E7A /* PBXTargetDependency */ = {
			isa = PBXTargetDependency;
			target = 5F84B6771A0C6FB000A26E7A /* ScavangerHunt */;
			targetProxy = 5F84B68E1A0C6FB000A26E7A /* PBXContainerItemProxy */;
		};
/* End PBXTargetDependency section */

/* Begin PBXVariantGroup section */
		5F84B6811A0C6FB000A26E7A /* Main.storyboard */ = {
			isa = PBXVariantGroup;
			children = (
				5F84B6821A0C6FB000A26E7A /* Base */,
			);
			name = Main.storyboard;
			sourceTree = "<group>";
		};
		5F84B6861A0C6FB000A26E7A /* LaunchScreen.xib */ = {
			isa = PBXVariantGroup;
			children = (
				5F84B6871A0C6FB000A26E7A /* Base */,
			);
			name = LaunchScreen.xib;
			sourceTree = "<group>";
		};
/* End PBXVariantGroup section */

/* Begin XCBuildConfiguration section */
		5F84B6951A0C6FB000A26E7A /* Debug */ = {
			isa = XCBuildConfiguration;
			buildSettings = {
				ALWAYS_SEARCH_USER_PATHS = NO;
				CLANG_CXX_LANGUAGE_STANDARD = "gnu++0x";
				CLANG_CXX_LIBRARY = "libc++";
				CLANG_ENABLE_MODULES = YES;
				CLANG_ENABLE_OBJC_ARC = YES;
				CLANG_WARN_BOOL_CONVERSION = YES;
				CLANG_WARN_CONSTANT_CONVERSION = YES;
				CLANG_WARN_DIRECT_OBJC_ISA_USAGE = YES_ERROR;
				CLANG_WARN_EMPTY_BODY = YES;
				CLANG_WARN_ENUM_CONVERSION = YES;
				CLANG_WARN_INT_CONVERSION = YES;
				CLANG_WARN_OBJC_ROOT_CLASS = YES_ERROR;
				CLANG_WARN_UNREACHABLE_CODE = YES;
				CLANG_WARN__DUPLICATE_METHOD_MATCH = YES;
				"CODE_SIGN_IDENTITY[sdk=iphoneos*]" = "iPhone Developer";
				COPY_PHASE_STRIP = NO;
				ENABLE_STRICT_OBJC_MSGSEND = YES;
				GCC_C_LANGUAGE_STANDARD = gnu99;
				GCC_DYNAMIC_NO_PIC = NO;
				GCC_OPTIMIZATION_LEVEL = 0;
				GCC_PREPROCESSOR_DEFINITIONS = (
					"DEBUG=1",
					"$(inherited)",
				);
				GCC_SYMBOLS_PRIVATE_EXTERN = NO;
				GCC_WARN_64_TO_32_BIT_CONVERSION = YES;
				GCC_WARN_ABOUT_RETURN_TYPE = YES_ERROR;
				GCC_WARN_UNDECLARED_SELECTOR = YES;
				GCC_WARN_UNINITIALIZED_AUTOS = YES_AGGRESSIVE;
				GCC_WARN_UNUSED_FUNCTION = YES;
				GCC_WARN_UNUSED_VARIABLE = YES;
				IPHONEOS_DEPLOYMENT_TARGET = 8.1;
				MTL_ENABLE_DEBUG_INFO = YES;
				ONLY_ACTIVE_ARCH = YES;
				SDKROOT = iphoneos;
				SWIFT_OPTIMIZATION_LEVEL = "-Onone";
				TARGETED_DEVICE_FAMILY = "1,2";
			};
			name = Debug;
		};
		5F84B6961A0C6FB000A26E7A /* Release */ = {
			isa = XCBuildConfiguration;
			buildSettings = {
				ALWAYS_SEARCH_USER_PATHS = NO;
				CLANG_CXX_LANGUAGE_STANDARD = "gnu++0x";
				CLANG_CXX_LIBRARY = "libc++";
				CLANG_ENABLE_MODULES = YES;
				CLANG_ENABLE_OBJC_ARC = YES;
				CLANG_WARN_BOOL_CONVERSION = YES;
				CLANG_WARN_CONSTANT_CONVERSION = YES;
				CLANG_WARN_DIRECT_OBJC_ISA_USAGE = YES_ERROR;
				CLANG_WARN_EMPTY_BODY = YES;
				CLANG_WARN_ENUM_CONVERSION = YES;
				CLANG_WARN_INT_CONVERSION = YES;
				CLANG_WARN_OBJC_ROOT_CLASS = YES_ERROR;
				CLANG_WARN_UNREACHABLE_CODE = YES;
				CLANG_WARN__DUPLICATE_METHOD_MATCH = YES;
				"CODE_SIGN_IDENTITY[sdk=iphoneos*]" = "iPhone Developer";
				COPY_PHASE_STRIP = YES;
				ENABLE_NS_ASSERTIONS = NO;
				ENABLE_STRICT_OBJC_MSGSEND = YES;
				GCC_C_LANGUAGE_STANDARD = gnu99;
				GCC_WARN_64_TO_32_BIT_CONVERSION = YES;
				GCC_WARN_ABOUT_RETURN_TYPE = YES_ERROR;
				GCC_WARN_UNDECLARED_SELECTOR = YES;
				GCC_WARN_UNINITIALIZED_AUTOS = YES_AGGRESSIVE;
				GCC_WARN_UNUSED_FUNCTION = YES;
				GCC_WARN_UNUSED_VARIABLE = YES;
				IPHONEOS_DEPLOYMENT_TARGET = 8.1;
				MTL_ENABLE_DEBUG_INFO = NO;
				SDKROOT = iphoneos;
				TARGETED_DEVICE_FAMILY = "1,2";
				VALIDATE_PRODUCT = YES;
			};
			name = Release;
		};
		5F84B6981A0C6FB000A26E7A /* Debug */ = {
			isa = XCBuildConfiguration;
			buildSettings = {
				ASSETCATALOG_COMPILER_APPICON_NAME = AppIcon;
				INFOPLIST_FILE = ScavangerHunt/Info.plist;
				LD_RUNPATH_SEARCH_PATHS = "$(inherited) @executable_path/Frameworks";
				PRODUCT_NAME = "$(TARGET_NAME)";
			};
			name = Debug;
		};
		5F84B6991A0C6FB000A26E7A /* Release */ = {
			isa = XCBuildConfiguration;
			buildSettings = {
				ASSETCATALOG_COMPILER_APPICON_NAME = AppIcon;
				INFOPLIST_FILE = ScavangerHunt/Info.plist;
				LD_RUNPATH_SEARCH_PATHS = "$(inherited) @executable_path/Frameworks";
				PRODUCT_NAME = "$(TARGET_NAME)";
			};
			name = Release;
		};
		5F84B69B1A0C6FB000A26E7A /* Debug */ = {
			isa = XCBuildConfiguration;
			buildSettings = {
				BUNDLE_LOADER = "$(TEST_HOST)";
				FRAMEWORK_SEARCH_PATHS = (
					"$(SDKROOT)/Developer/Library/Frameworks",
					"$(inherited)",
				);
				GCC_PREPROCESSOR_DEFINITIONS = (
					"DEBUG=1",
					"$(inherited)",
				);
				INFOPLIST_FILE = ScavangerHuntTests/Info.plist;
				LD_RUNPATH_SEARCH_PATHS = "$(inherited) @executable_path/Frameworks @loader_path/Frameworks";
				PRODUCT_NAME = "$(TARGET_NAME)";
				TEST_HOST = "$(BUILT_PRODUCTS_DIR)/ScavangerHunt.app/ScavangerHunt";
			};
			name = Debug;
		};
		5F84B69C1A0C6FB000A26E7A /* Release */ = {
			isa = XCBuildConfiguration;
			buildSettings = {
				BUNDLE_LOADER = "$(TEST_HOST)";
				FRAMEWORK_SEARCH_PATHS = (
					"$(SDKROOT)/Developer/Library/Frameworks",
					"$(inherited)",
				);
				INFOPLIST_FILE = ScavangerHuntTests/Info.plist;
				LD_RUNPATH_SEARCH_PATHS = "$(inherited) @executable_path/Frameworks @loader_path/Frameworks";
				PRODUCT_NAME = "$(TARGET_NAME)";
				TEST_HOST = "$(BUILT_PRODUCTS_DIR)/ScavangerHunt.app/ScavangerHunt";
			};
			name = Release;
		};
/* End XCBuildConfiguration section */

/* Begin XCConfigurationList section */
		5F84B6731A0C6FB000A26E7A /* Build configuration list for PBXProject "ScavangerHunt" */ = {
			isa = XCConfigurationList;
			buildConfigurations = (
				5F84B6951A0C6FB000A26E7A /* Debug */,
				5F84B6961A0C6FB000A26E7A /* Release */,
			);
			defaultConfigurationIsVisible = 0;
			defaultConfigurationName = Release;
		};
		5F84B6971A0C6FB000A26E7A /* Build configuration list for PBXNativeTarget "ScavangerHunt" */ = {
			isa = XCConfigurationList;
			buildConfigurations = (
				5F84B6981A0C6FB000A26E7A /* Debug */,
				5F84B6991A0C6FB000A26E7A /* Release */,
			);
			defaultConfigurationIsVisible = 0;
		};
		5F84B69A1A0C6FB000A26E7A /* Build configuration list for PBXNativeTarget "ScavangerHuntTests" */ = {
			isa = XCConfigurationList;
			buildConfigurations = (
				5F84B69B1A0C6FB000A26E7A /* Debug */,
				5F84B69C1A0C6FB000A26E7A /* Release */,
			);
			defaultConfigurationIsVisible = 0;
		};
/* End XCConfigurationList section */
	};
	rootObject = 5F84B6701A0C6FB000A26E7A /* Project object */;
}
